
Microsoft Visual Studio Solution File, Format Version 12.00
# Visual Studio Version 17
VisualStudioVersion = 17.2.32616.157
MinimumVisualStudioVersion = 10.0.40219.1
Project("{2150E333-8FDC-42A3-9474-1A3956D46DE8}") = "ShopManagement", "ShopManagement", "{0C4326B3-A754-4D9E-A988-CA03A5A08FA9}"
EndProject
Project("{2150E333-8FDC-42A3-9474-1A3956D46DE8}") = "SH.Domain", "SH.Domain", "{BD139DFF-65BF-43CD-8F6A-18D5BA3CBD74}"
EndProject
Project("{9A19103F-16F7-4668-BE54-9A1E7A4F7556}") = "ShopManagement.Domain", "ShopManagement.Domain\ShopManagement.Domain.csproj", "{AEBDBAA3-F60F-46E5-8D6D-DBF868B53BFD}"
EndProject
Project("{9A19103F-16F7-4668-BE54-9A1E7A4F7556}") = "0_Framework", "0_Framework\0_Framework.csproj", "{CAA565BF-2549-4E67-ADFD-E3CE88797608}"
EndProject
Project("{2150E333-8FDC-42A3-9474-1A3956D46DE8}") = "SH.Application", "SH.Application", "{568769F3-CA61-49A1-952B-9B20F839C26E}"
EndProject
Project("{9A19103F-16F7-4668-BE54-9A1E7A4F7556}") = "ShopManagement.Application.Contracts", "ShopManagement.Application.Contracts\ShopManagement.Application.Contracts.csproj", "{16BA92CA-8636-4FAF-B8B3-7149F9346BCA}"
EndProject
Project("{9A19103F-16F7-4668-BE54-9A1E7A4F7556}") = "ShopManagement.Application", "ShopManagement.Application\ShopManagement.Application.csproj", "{53A2594B-1B42-4E1E-A522-64DD954AC746}"
EndProject
Project("{2150E333-8FDC-42A3-9474-1A3956D46DE8}") = "SH.Infrastructure", "SH.Infrastructure", "{C660FF95-46C8-4F57-9C69-34DA177F7CC1}"
EndProject
Project("{9A19103F-16F7-4668-BE54-9A1E7A4F7556}") = "ShopManagement.Infrastructure.EFCore", "ShopManagement.Infrastructure.EFCore\ShopManagement.Infrastructure.EFCore.csproj", "{0B894C51-D04E-439E-A566-7FCB1B8650AF}"
EndProject
Project("{9A19103F-16F7-4668-BE54-9A1E7A4F7556}") = "ShopManagement.Configuration", "ShopManagement.Configuration\ShopManagement.Configuration.csproj", "{93481160-1C5F-4F20-A005-CB01D168075B}"
EndProject
Project("{9A19103F-16F7-4668-BE54-9A1E7A4F7556}") = "ServiceHost", "ServiceHost\ServiceHost.csproj", "{DFB2720D-83D6-4367-BB75-0C7B9EF6C8C1}"
EndProject
Project("{2150E333-8FDC-42A3-9474-1A3956D46DE8}") = "DiscountManagement", "DiscountManagement", "{A7971F11-75E0-4133-B7B5-91EFBCA00BF7}"
EndProject
Project("{2150E333-8FDC-42A3-9474-1A3956D46DE8}") = "DM.Domain", "DM.Domain", "{5BA3C04E-F7E1-450B-B605-DD9803E0E8BF}"
EndProject
Project("{9A19103F-16F7-4668-BE54-9A1E7A4F7556}") = "DiscountManagement.Domain", "DiscountManagement.Domain\DiscountManagement.Domain.csproj", "{9C481C6C-BD17-4F4F-B6E9-570455CAD1CA}"
EndProject
Project("{2150E333-8FDC-42A3-9474-1A3956D46DE8}") = "DM.Application", "DM.Application", "{9898E20E-8A5F-46CB-84E8-3F3A588F8BFE}"
EndProject
Project("{9A19103F-16F7-4668-BE54-9A1E7A4F7556}") = "DiscountManagement.Application.Contract", "DiscountManagement.Application.Contract\DiscountManagement.Application.Contract.csproj", "{79B5DF27-99D2-40D9-A51D-783776668731}"
EndProject
Project("{9A19103F-16F7-4668-BE54-9A1E7A4F7556}") = "DiscountManagement.Application", "DiscountManagement.Application\DiscountManagement.Application.csproj", "{A40F1D7D-4A44-47D2-9699-38CF3148C5A4}"
EndProject
Project("{2150E333-8FDC-42A3-9474-1A3956D46DE8}") = "DM.Infrastructure", "DM.Infrastructure", "{15E99DD8-689A-4784-8403-D59D6E09EC22}"
EndProject
Project("{9A19103F-16F7-4668-BE54-9A1E7A4F7556}") = "DiscountManagement.Infrastructure.EFCore", "DiscountManagement.Infrastructure.EFCore\DiscountManagement.Infrastructure.EFCore.csproj", "{A162ED75-92A8-45DC-8B18-DD103E324D8E}"
EndProject
Project("{9A19103F-16F7-4668-BE54-9A1E7A4F7556}") = "DiscountManagement.Configuration", "DiscountManagement.Configuration\DiscountManagement.Configuration.csproj", "{9DFA29E3-1F1F-48DB-B837-76CA1EE5FB02}"
EndProject
Project("{2150E333-8FDC-42A3-9474-1A3956D46DE8}") = "InventoryManagement", "InventoryManagement", "{6C8ADA9D-D0E3-41AC-B9E1-1AE3162B0996}"
EndProject
Project("{2150E333-8FDC-42A3-9474-1A3956D46DE8}") = "IM.Domain", "IM.Domain", "{AB66F67E-AD50-4074-A961-C9CDCF6B0CC0}"
EndProject
Project("{9A19103F-16F7-4668-BE54-9A1E7A4F7556}") = "InventoryManagement.Domain", "InventoryManagement.Domain\InventoryManagement.Domain.csproj", "{B9E4F1BE-374A-44D0-8DF6-E189299737A9}"
EndProject
Project("{2150E333-8FDC-42A3-9474-1A3956D46DE8}") = "IM.Application", "IM.Application", "{59CEB524-0024-4883-A673-4CAB61355948}"
EndProject
Project("{9A19103F-16F7-4668-BE54-9A1E7A4F7556}") = "InventoryManagement.Application.Contract", "InventoryManagement.Application.Contract\InventoryManagement.Application.Contract.csproj", "{0A0BE04D-507D-48BF-8E71-94AFAC26C9D5}"
EndProject
Project("{2150E333-8FDC-42A3-9474-1A3956D46DE8}") = "IM.Infrastructure", "IM.Infrastructure", "{F788A0BC-A6C2-41F2-BDB2-A7D8B62DE2F4}"
EndProject
Project("{9A19103F-16F7-4668-BE54-9A1E7A4F7556}") = "InventoryManagement.Infrastructure.EFCore", "InventoryManagement.Infrastructure.EFCore\InventoryManagement.Infrastructure.EFCore.csproj", "{2EB4325D-9FAC-4694-B829-73DE2239A9C6}"
EndProject
Project("{9A19103F-16F7-4668-BE54-9A1E7A4F7556}") = "InventoryManagement.Infrastructure.Configuration", "InventoryManagement.Infrastructure.Configuration\InventoryManagement.Infrastructure.Configuration.csproj", "{CE4E7881-D14E-4779-9910-FC9A967A900B}"
EndProject
Project("{9A19103F-16F7-4668-BE54-9A1E7A4F7556}") = "InventoryManagement.Application", "InventoryManagement.Application\InventoryManagement.Application.csproj", "{CACE2EEB-4ECD-4B01-98C0-A05AC3EEDFAB}"
EndProject
Project("{9A19103F-16F7-4668-BE54-9A1E7A4F7556}") = "01_ExclusiveQuery", "01_ExclusiveQuery\01_ExclusiveQuery.csproj", "{B7328B5F-7163-43D2-9E5C-14EE5FFFDA32}"
EndProject
Project("{2150E333-8FDC-42A3-9474-1A3956D46DE8}") = "BlogManagement", "BlogManagement", "{C397B08C-7CE9-468A-B190-C10FD3639781}"
EndProject
Project("{2150E333-8FDC-42A3-9474-1A3956D46DE8}") = "BM.Domain", "BM.Domain", "{08167A4E-3DAD-4910-85F8-AED0307655E9}"
EndProject
Project("{FAE04EC0-301F-11D3-BF4B-00C04F79EFBC}") = "BlogManagement.Domain", "BlogManagement.Domain\BlogManagement.Domain.csproj", "{D1FBF212-5764-422C-AD03-39B6FB4A766E}"
EndProject
Project("{2150E333-8FDC-42A3-9474-1A3956D46DE8}") = "BM.Application", "BM.Application", "{556A225A-BEBF-4DAA-877D-E66CBB290995}"
EndProject
Project("{FAE04EC0-301F-11D3-BF4B-00C04F79EFBC}") = "BlogManagement.Application.Contracts", "BlogManagement.Application.Contracts\BlogManagement.Application.Contracts.csproj", "{E7BB2689-F1EC-4412-B422-6640EF9762C8}"
EndProject
Project("{FAE04EC0-301F-11D3-BF4B-00C04F79EFBC}") = "BlogManagement.Application", "BlogManagement.Application\BlogManagement.Application.csproj", "{13F262CF-84D4-48A6-ADAF-5E880ED67F1F}"
EndProject
Global
	GlobalSection(SolutionConfigurationPlatforms) = preSolution
		Debug|Any CPU = Debug|Any CPU
		Release|Any CPU = Release|Any CPU
	EndGlobalSection
	GlobalSection(ProjectConfigurationPlatforms) = postSolution
		{AEBDBAA3-F60F-46E5-8D6D-DBF868B53BFD}.Debug|Any CPU.ActiveCfg = Debug|Any CPU
		{AEBDBAA3-F60F-46E5-8D6D-DBF868B53BFD}.Debug|Any CPU.Build.0 = Debug|Any CPU
		{AEBDBAA3-F60F-46E5-8D6D-DBF868B53BFD}.Release|Any CPU.ActiveCfg = Release|Any CPU
		{AEBDBAA3-F60F-46E5-8D6D-DBF868B53BFD}.Release|Any CPU.Build.0 = Release|Any CPU
		{CAA565BF-2549-4E67-ADFD-E3CE88797608}.Debug|Any CPU.ActiveCfg = Debug|Any CPU
		{CAA565BF-2549-4E67-ADFD-E3CE88797608}.Debug|Any CPU.Build.0 = Debug|Any CPU
		{CAA565BF-2549-4E67-ADFD-E3CE88797608}.Release|Any CPU.ActiveCfg = Release|Any CPU
		{CAA565BF-2549-4E67-ADFD-E3CE88797608}.Release|Any CPU.Build.0 = Release|Any CPU
		{16BA92CA-8636-4FAF-B8B3-7149F9346BCA}.Debug|Any CPU.ActiveCfg = Debug|Any CPU
		{16BA92CA-8636-4FAF-B8B3-7149F9346BCA}.Debug|Any CPU.Build.0 = Debug|Any CPU
		{16BA92CA-8636-4FAF-B8B3-7149F9346BCA}.Release|Any CPU.ActiveCfg = Release|Any CPU
		{16BA92CA-8636-4FAF-B8B3-7149F9346BCA}.Release|Any CPU.Build.0 = Release|Any CPU
		{53A2594B-1B42-4E1E-A522-64DD954AC746}.Debug|Any CPU.ActiveCfg = Debug|Any CPU
		{53A2594B-1B42-4E1E-A522-64DD954AC746}.Debug|Any CPU.Build.0 = Debug|Any CPU
		{53A2594B-1B42-4E1E-A522-64DD954AC746}.Release|Any CPU.ActiveCfg = Release|Any CPU
		{53A2594B-1B42-4E1E-A522-64DD954AC746}.Release|Any CPU.Build.0 = Release|Any CPU
		{0B894C51-D04E-439E-A566-7FCB1B8650AF}.Debug|Any CPU.ActiveCfg = Debug|Any CPU
		{0B894C51-D04E-439E-A566-7FCB1B8650AF}.Debug|Any CPU.Build.0 = Debug|Any CPU
		{0B894C51-D04E-439E-A566-7FCB1B8650AF}.Release|Any CPU.ActiveCfg = Release|Any CPU
		{0B894C51-D04E-439E-A566-7FCB1B8650AF}.Release|Any CPU.Build.0 = Release|Any CPU
		{93481160-1C5F-4F20-A005-CB01D168075B}.Debug|Any CPU.ActiveCfg = Debug|Any CPU
		{93481160-1C5F-4F20-A005-CB01D168075B}.Debug|Any CPU.Build.0 = Debug|Any CPU
		{93481160-1C5F-4F20-A005-CB01D168075B}.Release|Any CPU.ActiveCfg = Release|Any CPU
		{93481160-1C5F-4F20-A005-CB01D168075B}.Release|Any CPU.Build.0 = Release|Any CPU
		{DFB2720D-83D6-4367-BB75-0C7B9EF6C8C1}.Debug|Any CPU.ActiveCfg = Debug|Any CPU
		{DFB2720D-83D6-4367-BB75-0C7B9EF6C8C1}.Debug|Any CPU.Build.0 = Debug|Any CPU
		{DFB2720D-83D6-4367-BB75-0C7B9EF6C8C1}.Release|Any CPU.ActiveCfg = Release|Any CPU
		{DFB2720D-83D6-4367-BB75-0C7B9EF6C8C1}.Release|Any CPU.Build.0 = Release|Any CPU
		{9C481C6C-BD17-4F4F-B6E9-570455CAD1CA}.Debug|Any CPU.ActiveCfg = Debug|Any CPU
		{9C481C6C-BD17-4F4F-B6E9-570455CAD1CA}.Debug|Any CPU.Build.0 = Debug|Any CPU
		{9C481C6C-BD17-4F4F-B6E9-570455CAD1CA}.Release|Any CPU.ActiveCfg = Release|Any CPU
		{9C481C6C-BD17-4F4F-B6E9-570455CAD1CA}.Release|Any CPU.Build.0 = Release|Any CPU
		{79B5DF27-99D2-40D9-A51D-783776668731}.Debug|Any CPU.ActiveCfg = Debug|Any CPU
		{79B5DF27-99D2-40D9-A51D-783776668731}.Debug|Any CPU.Build.0 = Debug|Any CPU
		{79B5DF27-99D2-40D9-A51D-783776668731}.Release|Any CPU.ActiveCfg = Release|Any CPU
		{79B5DF27-99D2-40D9-A51D-783776668731}.Release|Any CPU.Build.0 = Release|Any CPU
		{A40F1D7D-4A44-47D2-9699-38CF3148C5A4}.Debug|Any CPU.ActiveCfg = Debug|Any CPU
		{A40F1D7D-4A44-47D2-9699-38CF3148C5A4}.Debug|Any CPU.Build.0 = Debug|Any CPU
		{A40F1D7D-4A44-47D2-9699-38CF3148C5A4}.Release|Any CPU.ActiveCfg = Release|Any CPU
		{A40F1D7D-4A44-47D2-9699-38CF3148C5A4}.Release|Any CPU.Build.0 = Release|Any CPU
		{A162ED75-92A8-45DC-8B18-DD103E324D8E}.Debug|Any CPU.ActiveCfg = Debug|Any CPU
		{A162ED75-92A8-45DC-8B18-DD103E324D8E}.Debug|Any CPU.Build.0 = Debug|Any CPU
		{A162ED75-92A8-45DC-8B18-DD103E324D8E}.Release|Any CPU.ActiveCfg = Release|Any CPU
		{A162ED75-92A8-45DC-8B18-DD103E324D8E}.Release|Any CPU.Build.0 = Release|Any CPU
		{9DFA29E3-1F1F-48DB-B837-76CA1EE5FB02}.Debug|Any CPU.ActiveCfg = Debug|Any CPU
		{9DFA29E3-1F1F-48DB-B837-76CA1EE5FB02}.Debug|Any CPU.Build.0 = Debug|Any CPU
		{9DFA29E3-1F1F-48DB-B837-76CA1EE5FB02}.Release|Any CPU.ActiveCfg = Release|Any CPU
		{9DFA29E3-1F1F-48DB-B837-76CA1EE5FB02}.Release|Any CPU.Build.0 = Release|Any CPU
		{B9E4F1BE-374A-44D0-8DF6-E189299737A9}.Debug|Any CPU.ActiveCfg = Debug|Any CPU
		{B9E4F1BE-374A-44D0-8DF6-E189299737A9}.Debug|Any CPU.Build.0 = Debug|Any CPU
		{B9E4F1BE-374A-44D0-8DF6-E189299737A9}.Release|Any CPU.ActiveCfg = Release|Any CPU
		{B9E4F1BE-374A-44D0-8DF6-E189299737A9}.Release|Any CPU.Build.0 = Release|Any CPU
		{0A0BE04D-507D-48BF-8E71-94AFAC26C9D5}.Debug|Any CPU.ActiveCfg = Debug|Any CPU
		{0A0BE04D-507D-48BF-8E71-94AFAC26C9D5}.Debug|Any CPU.Build.0 = Debug|Any CPU
		{0A0BE04D-507D-48BF-8E71-94AFAC26C9D5}.Release|Any CPU.ActiveCfg = Release|Any CPU
		{0A0BE04D-507D-48BF-8E71-94AFAC26C9D5}.Release|Any CPU.Build.0 = Release|Any CPU
		{2EB4325D-9FAC-4694-B829-73DE2239A9C6}.Debug|Any CPU.ActiveCfg = Debug|Any CPU
		{2EB4325D-9FAC-4694-B829-73DE2239A9C6}.Debug|Any CPU.Build.0 = Debug|Any CPU
		{2EB4325D-9FAC-4694-B829-73DE2239A9C6}.Release|Any CPU.ActiveCfg = Release|Any CPU
		{2EB4325D-9FAC-4694-B829-73DE2239A9C6}.Release|Any CPU.Build.0 = Release|Any CPU
		{CE4E7881-D14E-4779-9910-FC9A967A900B}.Debug|Any CPU.ActiveCfg = Debug|Any CPU
		{CE4E7881-D14E-4779-9910-FC9A967A900B}.Debug|Any CPU.Build.0 = Debug|Any CPU
		{CE4E7881-D14E-4779-9910-FC9A967A900B}.Release|Any CPU.ActiveCfg = Release|Any CPU
		{CE4E7881-D14E-4779-9910-FC9A967A900B}.Release|Any CPU.Build.0 = Release|Any CPU
		{CACE2EEB-4ECD-4B01-98C0-A05AC3EEDFAB}.Debug|Any CPU.ActiveCfg = Debug|Any CPU
		{CACE2EEB-4ECD-4B01-98C0-A05AC3EEDFAB}.Debug|Any CPU.Build.0 = Debug|Any CPU
		{CACE2EEB-4ECD-4B01-98C0-A05AC3EEDFAB}.Release|Any CPU.ActiveCfg = Release|Any CPU
		{CACE2EEB-4ECD-4B01-98C0-A05AC3EEDFAB}.Release|Any CPU.Build.0 = Release|Any CPU
		{B7328B5F-7163-43D2-9E5C-14EE5FFFDA32}.Debug|Any CPU.ActiveCfg = Debug|Any CPU
		{B7328B5F-7163-43D2-9E5C-14EE5FFFDA32}.Debug|Any CPU.Build.0 = Debug|Any CPU
		{B7328B5F-7163-43D2-9E5C-14EE5FFFDA32}.Release|Any CPU.ActiveCfg = Release|Any CPU
		{B7328B5F-7163-43D2-9E5C-14EE5FFFDA32}.Release|Any CPU.Build.0 = Release|Any CPU
		{D1FBF212-5764-422C-AD03-39B6FB4A766E}.Debug|Any CPU.ActiveCfg = Debug|Any CPU
		{D1FBF212-5764-422C-AD03-39B6FB4A766E}.Debug|Any CPU.Build.0 = Debug|Any CPU
		{D1FBF212-5764-422C-AD03-39B6FB4A766E}.Release|Any CPU.ActiveCfg = Release|Any CPU
		{D1FBF212-5764-422C-AD03-39B6FB4A766E}.Release|Any CPU.Build.0 = Release|Any CPU
		{E7BB2689-F1EC-4412-B422-6640EF9762C8}.Debug|Any CPU.ActiveCfg = Debug|Any CPU
		{E7BB2689-F1EC-4412-B422-6640EF9762C8}.Debug|Any CPU.Build.0 = Debug|Any CPU
		{E7BB2689-F1EC-4412-B422-6640EF9762C8}.Release|Any CPU.ActiveCfg = Release|Any CPU
		{E7BB2689-F1EC-4412-B422-6640EF9762C8}.Release|Any CPU.Build.0 = Release|Any CPU
		{13F262CF-84D4-48A6-ADAF-5E880ED67F1F}.Debug|Any CPU.ActiveCfg = Debug|Any CPU
		{13F262CF-84D4-48A6-ADAF-5E880ED67F1F}.Debug|Any CPU.Build.0 = Debug|Any CPU
		{13F262CF-84D4-48A6-ADAF-5E880ED67F1F}.Release|Any CPU.ActiveCfg = Release|Any CPU
		{13F262CF-84D4-48A6-ADAF-5E880ED67F1F}.Release|Any CPU.Build.0 = Release|Any CPU
	EndGlobalSection
	GlobalSection(SolutionProperties) = preSolution
		HideSolutionNode = FALSE
	EndGlobalSection
	GlobalSection(NestedProjects) = preSolution
		{BD139DFF-65BF-43CD-8F6A-18D5BA3CBD74} = {0C4326B3-A754-4D9E-A988-CA03A5A08FA9}
		{AEBDBAA3-F60F-46E5-8D6D-DBF868B53BFD} = {BD139DFF-65BF-43CD-8F6A-18D5BA3CBD74}
		{568769F3-CA61-49A1-952B-9B20F839C26E} = {0C4326B3-A754-4D9E-A988-CA03A5A08FA9}
		{16BA92CA-8636-4FAF-B8B3-7149F9346BCA} = {568769F3-CA61-49A1-952B-9B20F839C26E}
		{53A2594B-1B42-4E1E-A522-64DD954AC746} = {568769F3-CA61-49A1-952B-9B20F839C26E}
		{C660FF95-46C8-4F57-9C69-34DA177F7CC1} = {0C4326B3-A754-4D9E-A988-CA03A5A08FA9}
		{0B894C51-D04E-439E-A566-7FCB1B8650AF} = {C660FF95-46C8-4F57-9C69-34DA177F7CC1}
		{93481160-1C5F-4F20-A005-CB01D168075B} = {C660FF95-46C8-4F57-9C69-34DA177F7CC1}
		{5BA3C04E-F7E1-450B-B605-DD9803E0E8BF} = {A7971F11-75E0-4133-B7B5-91EFBCA00BF7}
		{9C481C6C-BD17-4F4F-B6E9-570455CAD1CA} = {5BA3C04E-F7E1-450B-B605-DD9803E0E8BF}
		{9898E20E-8A5F-46CB-84E8-3F3A588F8BFE} = {A7971F11-75E0-4133-B7B5-91EFBCA00BF7}
		{79B5DF27-99D2-40D9-A51D-783776668731} = {9898E20E-8A5F-46CB-84E8-3F3A588F8BFE}
		{A40F1D7D-4A44-47D2-9699-38CF3148C5A4} = {9898E20E-8A5F-46CB-84E8-3F3A588F8BFE}
		{15E99DD8-689A-4784-8403-D59D6E09EC22} = {A7971F11-75E0-4133-B7B5-91EFBCA00BF7}
		{A162ED75-92A8-45DC-8B18-DD103E324D8E} = {15E99DD8-689A-4784-8403-D59D6E09EC22}
		{9DFA29E3-1F1F-48DB-B837-76CA1EE5FB02} = {15E99DD8-689A-4784-8403-D59D6E09EC22}
		{AB66F67E-AD50-4074-A961-C9CDCF6B0CC0} = {6C8ADA9D-D0E3-41AC-B9E1-1AE3162B0996}
		{B9E4F1BE-374A-44D0-8DF6-E189299737A9} = {AB66F67E-AD50-4074-A961-C9CDCF6B0CC0}
		{59CEB524-0024-4883-A673-4CAB61355948} = {6C8ADA9D-D0E3-41AC-B9E1-1AE3162B0996}
		{0A0BE04D-507D-48BF-8E71-94AFAC26C9D5} = {59CEB524-0024-4883-A673-4CAB61355948}
		{F788A0BC-A6C2-41F2-BDB2-A7D8B62DE2F4} = {6C8ADA9D-D0E3-41AC-B9E1-1AE3162B0996}
		{2EB4325D-9FAC-4694-B829-73DE2239A9C6} = {F788A0BC-A6C2-41F2-BDB2-A7D8B62DE2F4}
		{CE4E7881-D14E-4779-9910-FC9A967A900B} = {F788A0BC-A6C2-41F2-BDB2-A7D8B62DE2F4}
		{CACE2EEB-4ECD-4B01-98C0-A05AC3EEDFAB} = {59CEB524-0024-4883-A673-4CAB61355948}
		{08167A4E-3DAD-4910-85F8-AED0307655E9} = {C397B08C-7CE9-468A-B190-C10FD3639781}
		{D1FBF212-5764-422C-AD03-39B6FB4A766E} = {08167A4E-3DAD-4910-85F8-AED0307655E9}
		{556A225A-BEBF-4DAA-877D-E66CBB290995} = {C397B08C-7CE9-468A-B190-C10FD3639781}
		{E7BB2689-F1EC-4412-B422-6640EF9762C8} = {556A225A-BEBF-4DAA-877D-E66CBB290995}
		{13F262CF-84D4-48A6-ADAF-5E880ED67F1F} = {556A225A-BEBF-4DAA-877D-E66CBB290995}
	EndGlobalSection
	GlobalSection(ExtensibilityGlobals) = postSolution
		SolutionGuid = {45DE509F-5A60-48F3-8788-804D4E0401D4}
	EndGlobalSection
EndGlobal
